
Microsoft Visual Studio Solution File, Format Version 12.00
# Visual Studio 15
VisualStudioVersion = 15.0.26124.0
MinimumVisualStudioVersion = 15.0.26124.0
Project("{FAE04EC0-301F-11D3-BF4B-00C04F79EFBC}") = "Filter", "Filter\Filter.csproj", "{57BB4A4D-A811-4CB6-B981-49CA6C681101}"
EndProject
Project("{FAE04EC0-301F-11D3-BF4B-00C04F79EFBC}") = "Filter.Test.Integration", "Filter.Test.Integration\Filter.Test.Integration.csproj", "{1E892FC7-8CBC-415A-9B2C-DE3D3DD5AAA0}"
EndProject
Project("{FAE04EC0-301F-11D3-BF4B-00C04F79EFBC}") = "Filter.Tests.Unit", "Filter.Tests.Unit\Filter.Tests.Unit.csproj", "{356F076D-1A38-41B3-979F-2E5D2F74CA02}"
EndProject
Project("{FAE04EC0-301F-11D3-BF4B-00C04F79EFBC}") = "Filter.Tests.Integration", "Filter.Tests.Integration\Filter.Tests.Integration.csproj", "{72B5350B-944D-4A95-98B2-1EDDFC79EF8A}"
EndProject
Global
	GlobalSection(SolutionConfigurationPlatforms) = preSolution
		Debug|Any CPU = Debug|Any CPU
		Debug|x64 = Debug|x64
		Debug|x86 = Debug|x86
		Release|Any CPU = Release|Any CPU
		Release|x64 = Release|x64
		Release|x86 = Release|x86
	EndGlobalSection
	GlobalSection(SolutionProperties) = preSolution
		HideSolutionNode = FALSE
	EndGlobalSection
	GlobalSection(ProjectConfigurationPlatforms) = postSolution
		{57BB4A4D-A811-4CB6-B981-49CA6C681101}.Debug|Any CPU.ActiveCfg = Debug|Any CPU
		{57BB4A4D-A811-4CB6-B981-49CA6C681101}.Debug|Any CPU.Build.0 = Debug|Any CPU
		{57BB4A4D-A811-4CB6-B981-49CA6C681101}.Debug|x64.ActiveCfg = Debug|x64
		{57BB4A4D-A811-4CB6-B981-49CA6C681101}.Debug|x64.Build.0 = Debug|x64
		{57BB4A4D-A811-4CB6-B981-49CA6C681101}.Debug|x86.ActiveCfg = Debug|x86
		{57BB4A4D-A811-4CB6-B981-49CA6C681101}.Debug|x86.Build.0 = Debug|x86
		{57BB4A4D-A811-4CB6-B981-49CA6C681101}.Release|Any CPU.ActiveCfg = Release|Any CPU
		{57BB4A4D-A811-4CB6-B981-49CA6C681101}.Release|Any CPU.Build.0 = Release|Any CPU
		{57BB4A4D-A811-4CB6-B981-49CA6C681101}.Release|x64.ActiveCfg = Release|x64
		{57BB4A4D-A811-4CB6-B981-49CA6C681101}.Release|x64.Build.0 = Release|x64
		{57BB4A4D-A811-4CB6-B981-49CA6C681101}.Release|x86.ActiveCfg = Release|x86
		{57BB4A4D-A811-4CB6-B981-49CA6C681101}.Release|x86.Build.0 = Release|x86
		{1E892FC7-8CBC-415A-9B2C-DE3D3DD5AAA0}.Debug|Any CPU.ActiveCfg = Debug|Any CPU
		{1E892FC7-8CBC-415A-9B2C-DE3D3DD5AAA0}.Debug|Any CPU.Build.0 = Debug|Any CPU
		{1E892FC7-8CBC-415A-9B2C-DE3D3DD5AAA0}.Debug|x64.ActiveCfg = Debug|x64
		{1E892FC7-8CBC-415A-9B2C-DE3D3DD5AAA0}.Debug|x64.Build.0 = Debug|x64
		{1E892FC7-8CBC-415A-9B2C-DE3D3DD5AAA0}.Debug|x86.ActiveCfg = Debug|x86
		{1E892FC7-8CBC-415A-9B2C-DE3D3DD5AAA0}.Debug|x86.Build.0 = Debug|x86
		{1E892FC7-8CBC-415A-9B2C-DE3D3DD5AAA0}.Release|Any CPU.ActiveCfg = Release|Any CPU
		{1E892FC7-8CBC-415A-9B2C-DE3D3DD5AAA0}.Release|Any CPU.Build.0 = Release|Any CPU
		{1E892FC7-8CBC-415A-9B2C-DE3D3DD5AAA0}.Release|x64.ActiveCfg = Release|x64
		{1E892FC7-8CBC-415A-9B2C-DE3D3DD5AAA0}.Release|x64.Build.0 = Release|x64
		{1E892FC7-8CBC-415A-9B2C-DE3D3DD5AAA0}.Release|x86.ActiveCfg = Release|x86
		{1E892FC7-8CBC-415A-9B2C-DE3D3DD5AAA0}.Release|x86.Build.0 = Release|x86
		{356F076D-1A38-41B3-979F-2E5D2F74CA02}.Debug|Any CPU.ActiveCfg = Debug|Any CPU
		{356F076D-1A38-41B3-979F-2E5D2F74CA02}.Debug|Any CPU.Build.0 = Debug|Any CPU
		{356F076D-1A38-41B3-979F-2E5D2F74CA02}.Debug|x64.ActiveCfg = Debug|x64
		{356F076D-1A38-41B3-979F-2E5D2F74CA02}.Debug|x64.Build.0 = Debug|x64
		{356F076D-1A38-41B3-979F-2E5D2F74CA02}.Debug|x86.ActiveCfg = Debug|x86
		{356F076D-1A38-41B3-979F-2E5D2F74CA02}.Debug|x86.Build.0 = Debug|x86
		{356F076D-1A38-41B3-979F-2E5D2F74CA02}.Release|Any CPU.ActiveCfg = Release|Any CPU
		{356F076D-1A38-41B3-979F-2E5D2F74CA02}.Release|Any CPU.Build.0 = Release|Any CPU
		{356F076D-1A38-41B3-979F-2E5D2F74CA02}.Release|x64.ActiveCfg = Release|x64
		{356F076D-1A38-41B3-979F-2E5D2F74CA02}.Release|x64.Build.0 = Release|x64
		{356F076D-1A38-41B3-979F-2E5D2F74CA02}.Release|x86.ActiveCfg = Release|x86
		{356F076D-1A38-41B3-979F-2E5D2F74CA02}.Release|x86.Build.0 = Release|x86
		{72B5350B-944D-4A95-98B2-1EDDFC79EF8A}.Debug|Any CPU.ActiveCfg = Debug|Any CPU
		{72B5350B-944D-4A95-98B2-1EDDFC79EF8A}.Debug|Any CPU.Build.0 = Debug|Any CPU
		{72B5350B-944D-4A95-98B2-1EDDFC79EF8A}.Debug|x64.ActiveCfg = Debug|x64
		{72B5350B-944D-4A95-98B2-1EDDFC79EF8A}.Debug|x64.Build.0 = Debug|x64
		{72B5350B-944D-4A95-98B2-1EDDFC79EF8A}.Debug|x86.ActiveCfg = Debug|x86
		{72B5350B-944D-4A95-98B2-1EDDFC79EF8A}.Debug|x86.Build.0 = Debug|x86
		{72B5350B-944D-4A95-98B2-1EDDFC79EF8A}.Release|Any CPU.ActiveCfg = Release|Any CPU
		{72B5350B-944D-4A95-98B2-1EDDFC79EF8A}.Release|Any CPU.Build.0 = Release|Any CPU
		{72B5350B-944D-4A95-98B2-1EDDFC79EF8A}.Release|x64.ActiveCfg = Release|x64
		{72B5350B-944D-4A95-98B2-1EDDFC79EF8A}.Release|x64.Build.0 = Release|x64
		{72B5350B-944D-4A95-98B2-1EDDFC79EF8A}.Release|x86.ActiveCfg = Release|x86
		{72B5350B-944D-4A95-98B2-1EDDFC79EF8A}.Release|x86.Build.0 = Release|x86
	EndGlobalSection
EndGlobal
